
Microsoft Visual Studio Solution File, Format Version 12.00
# Visual Studio 15
VisualStudioVersion = 15.0.28307.1169
MinimumVisualStudioVersion = 10.0.40219.1
Project("{9A19103F-16F7-4668-BE54-9A1E7A4F7556}") = "BasicWebApp", "BasicWebApp\BasicWebApp.csproj", "{8AA83B6D-C1C4-43CE-98A0-62D0E8361C0C}"
EndProject
Project("{9A19103F-16F7-4668-BE54-9A1E7A4F7556}") = "CommonFunctions", "CommonFunctions\CommonFunctions.csproj", "{50575DA8-847C-4054-A16C-F1516BD6D276}"
EndProject
Project("{9A19103F-16F7-4668-BE54-9A1E7A4F7556}") = "DataAccess", "DataAccess\DataAccess.csproj", "{542A453C-E5D9-47B4-B622-B1B9E32EDE69}"
EndProject
Global
	GlobalSection(SolutionConfigurationPlatforms) = preSolution
		Debug|Any CPU = Debug|Any CPU
		Release|Any CPU = Release|Any CPU
	EndGlobalSection
	GlobalSection(ProjectConfigurationPlatforms) = postSolution
		{8AA83B6D-C1C4-43CE-98A0-62D0E8361C0C}.Debug|Any CPU.ActiveCfg = Debug|Any CPU
		{8AA83B6D-C1C4-43CE-98A0-62D0E8361C0C}.Debug|Any CPU.Build.0 = Debug|Any CPU
		{8AA83B6D-C1C4-43CE-98A0-62D0E8361C0C}.Release|Any CPU.ActiveCfg = Release|Any CPU
		{8AA83B6D-C1C4-43CE-98A0-62D0E8361C0C}.Release|Any CPU.Build.0 = Release|Any CPU
		{50575DA8-847C-4054-A16C-F1516BD6D276}.Debug|Any CPU.ActiveCfg = Debug|Any CPU
		{50575DA8-847C-4054-A16C-F1516BD6D276}.Debug|Any CPU.Build.0 = Debug|Any CPU
		{50575DA8-847C-4054-A16C-F1516BD6D276}.Release|Any CPU.ActiveCfg = Release|Any CPU
		{50575DA8-847C-4054-A16C-F1516BD6D276}.Release|Any CPU.Build.0 = Release|Any CPU
		{542A453C-E5D9-47B4-B622-B1B9E32EDE69}.Debug|Any CPU.ActiveCfg = Debug|Any CPU
		{542A453C-E5D9-47B4-B622-B1B9E32EDE69}.Debug|Any CPU.Build.0 = Debug|Any CPU
		{542A453C-E5D9-47B4-B622-B1B9E32EDE69}.Release|Any CPU.ActiveCfg = Release|Any CPU
		{542A453C-E5D9-47B4-B622-B1B9E32EDE69}.Release|Any CPU.Build.0 = Release|Any CPU
	EndGlobalSection
	GlobalSection(SolutionProperties) = preSolution
		HideSolutionNode = FALSE
	EndGlobalSection
	GlobalSection(ExtensibilityGlobals) = postSolution
		SolutionGuid = {0F247E3F-8B9A-4679-BDA6-C49B9C7F9524}
	EndGlobalSection
EndGlobal
